
Microsoft Visual Studio Solution File, Format Version 12.00
# Visual Studio Version 17
VisualStudioVersion = 17.9.34728.123
MinimumVisualStudioVersion = 10.0.40219.1
Project("{FAE04EC0-301F-11D3-BF4B-00C04F79EFBC}") = "TestGuna", "TestGuna\TestGuna.csproj", "{9EBE1510-EC23-47A7-9779-2894FBD08136}"
EndProject
Global
	GlobalSection(SolutionConfigurationPlatforms) = preSolution
		Debug|Any CPU = Debug|Any CPU
		Release|Any CPU = Release|Any CPU
	EndGlobalSection
	GlobalSection(ProjectConfigurationPlatforms) = postSolution
		{9EBE1510-EC23-47A7-9779-2894FBD08136}.Debug|Any CPU.ActiveCfg = Debug|Any CPU
		{9EBE1510-EC23-47A7-9779-2894FBD08136}.Debug|Any CPU.Build.0 = Debug|Any CPU
		{9EBE1510-EC23-47A7-9779-2894FBD08136}.Release|Any CPU.ActiveCfg = Release|Any CPU
		{9EBE1510-EC23-47A7-9779-2894FBD08136}.Release|Any CPU.Build.0 = Release|Any CPU
	EndGlobalSection
	GlobalSection(SolutionProperties) = preSolution
		HideSolutionNode = FALSE
	EndGlobalSection
	GlobalSection(ExtensibilityGlobals) = postSolution
		SolutionGuid = {920B0C7F-74FE-475D-AD08-D5C1EE65ECB0}
	EndGlobalSection
EndGlobal
